
Microsoft Visual Studio Solution File, Format Version 12.00
# Visual Studio 14
VisualStudioVersion = 14.0.25420.1
MinimumVisualStudioVersion = 10.0.40219.1
Project("{FAE04EC0-301F-11D3-BF4B-00C04F79EFBC}") = "App2", "App2\App2\App2.csproj", "{371B9ED0-3D9B-4E9F-90C9-B1B8D2839AB5}"
EndProject
Project("{FAE04EC0-301F-11D3-BF4B-00C04F79EFBC}") = "App2.Droid", "App2\App2.Droid\App2.Droid.csproj", "{A2C8F999-5B9A-4324-A98B-5FF3912C7AAC}"
EndProject
Project("{FAE04EC0-301F-11D3-BF4B-00C04F79EFBC}") = "App2.iOS", "App2\App2.iOS\App2.iOS.csproj", "{F49EF8AC-161E-4FB8-A07A-187CF9F315F6}"
EndProject
Project("{FAE04EC0-301F-11D3-BF4B-00C04F79EFBC}") = "App2.WinPhone", "App2\App2.WinPhone\App2.WinPhone.csproj", "{B5F3BDBF-0E30-431D-A9EF-82810632E802}"
EndProject
Project("{FAE04EC0-301F-11D3-BF4B-00C04F79EFBC}") = "App2.Windows", "App2\App2.Windows\App2.Windows.csproj", "{7C1550DF-4652-4998-B1FC-53FB92477AAB}"
EndProject
Global
	GlobalSection(SolutionConfigurationPlatforms) = preSolution
		Ad-Hoc|Any CPU = Ad-Hoc|Any CPU
		Ad-Hoc|ARM = Ad-Hoc|ARM
		Ad-Hoc|iPhone = Ad-Hoc|iPhone
		Ad-Hoc|iPhoneSimulator = Ad-Hoc|iPhoneSimulator
		Ad-Hoc|x64 = Ad-Hoc|x64
		Ad-Hoc|x86 = Ad-Hoc|x86
		AppStore|Any CPU = AppStore|Any CPU
		AppStore|ARM = AppStore|ARM
		AppStore|iPhone = AppStore|iPhone
		AppStore|iPhoneSimulator = AppStore|iPhoneSimulator
		AppStore|x64 = AppStore|x64
		AppStore|x86 = AppStore|x86
		Debug|Any CPU = Debug|Any CPU
		Debug|ARM = Debug|ARM
		Debug|iPhone = Debug|iPhone
		Debug|iPhoneSimulator = Debug|iPhoneSimulator
		Debug|x64 = Debug|x64
		Debug|x86 = Debug|x86
		Release|Any CPU = Release|Any CPU
		Release|ARM = Release|ARM
		Release|iPhone = Release|iPhone
		Release|iPhoneSimulator = Release|iPhoneSimulator
		Release|x64 = Release|x64
		Release|x86 = Release|x86
	EndGlobalSection
	GlobalSection(ProjectConfigurationPlatforms) = postSolution
		{371B9ED0-3D9B-4E9F-90C9-B1B8D2839AB5}.Ad-Hoc|Any CPU.ActiveCfg = Release|Any CPU
		{371B9ED0-3D9B-4E9F-90C9-B1B8D2839AB5}.Ad-Hoc|Any CPU.Build.0 = Release|Any CPU
		{371B9ED0-3D9B-4E9F-90C9-B1B8D2839AB5}.Ad-Hoc|ARM.ActiveCfg = Release|Any CPU
		{371B9ED0-3D9B-4E9F-90C9-B1B8D2839AB5}.Ad-Hoc|ARM.Build.0 = Release|Any CPU
		{371B9ED0-3D9B-4E9F-90C9-B1B8D2839AB5}.Ad-Hoc|iPhone.ActiveCfg = Release|Any CPU
		{371B9ED0-3D9B-4E9F-90C9-B1B8D2839AB5}.Ad-Hoc|iPhone.Build.0 = Release|Any CPU
		{371B9ED0-3D9B-4E9F-90C9-B1B8D2839AB5}.Ad-Hoc|iPhoneSimulator.ActiveCfg = Release|Any CPU
		{371B9ED0-3D9B-4E9F-90C9-B1B8D2839AB5}.Ad-Hoc|iPhoneSimulator.Build.0 = Release|Any CPU
		{371B9ED0-3D9B-4E9F-90C9-B1B8D2839AB5}.Ad-Hoc|x64.ActiveCfg = Release|Any CPU
		{371B9ED0-3D9B-4E9F-90C9-B1B8D2839AB5}.Ad-Hoc|x64.Build.0 = Release|Any CPU
		{371B9ED0-3D9B-4E9F-90C9-B1B8D2839AB5}.Ad-Hoc|x86.ActiveCfg = Release|Any CPU
		{371B9ED0-3D9B-4E9F-90C9-B1B8D2839AB5}.Ad-Hoc|x86.Build.0 = Release|Any CPU
		{371B9ED0-3D9B-4E9F-90C9-B1B8D2839AB5}.AppStore|Any CPU.ActiveCfg = Release|Any CPU
		{371B9ED0-3D9B-4E9F-90C9-B1B8D2839AB5}.AppStore|Any CPU.Build.0 = Release|Any CPU
		{371B9ED0-3D9B-4E9F-90C9-B1B8D2839AB5}.AppStore|ARM.ActiveCfg = Release|Any CPU
		{371B9ED0-3D9B-4E9F-90C9-B1B8D2839AB5}.AppStore|ARM.Build.0 = Release|Any CPU
		{371B9ED0-3D9B-4E9F-90C9-B1B8D2839AB5}.AppStore|iPhone.ActiveCfg = Release|Any CPU
		{371B9ED0-3D9B-4E9F-90C9-B1B8D2839AB5}.AppStore|iPhone.Build.0 = Release|Any CPU
		{371B9ED0-3D9B-4E9F-90C9-B1B8D2839AB5}.AppStore|iPhoneSimulator.ActiveCfg = Release|Any CPU
		{371B9ED0-3D9B-4E9F-90C9-B1B8D2839AB5}.AppStore|iPhoneSimulator.Build.0 = Release|Any CPU
		{371B9ED0-3D9B-4E9F-90C9-B1B8D2839AB5}.AppStore|x64.ActiveCfg = Release|Any CPU
		{371B9ED0-3D9B-4E9F-90C9-B1B8D2839AB5}.AppStore|x64.Build.0 = Release|Any CPU
		{371B9ED0-3D9B-4E9F-90C9-B1B8D2839AB5}.AppStore|x86.ActiveCfg = Release|Any CPU
		{371B9ED0-3D9B-4E9F-90C9-B1B8D2839AB5}.AppStore|x86.Build.0 = Release|Any CPU
		{371B9ED0-3D9B-4E9F-90C9-B1B8D2839AB5}.Debug|Any CPU.ActiveCfg = Debug|Any CPU
		{371B9ED0-3D9B-4E9F-90C9-B1B8D2839AB5}.Debug|Any CPU.Build.0 = Debug|Any CPU
		{371B9ED0-3D9B-4E9F-90C9-B1B8D2839AB5}.Debug|ARM.ActiveCfg = Debug|Any CPU
		{371B9ED0-3D9B-4E9F-90C9-B1B8D2839AB5}.Debug|ARM.Build.0 = Debug|Any CPU
		{371B9ED0-3D9B-4E9F-90C9-B1B8D2839AB5}.Debug|iPhone.ActiveCfg = Debug|Any CPU
		{371B9ED0-3D9B-4E9F-90C9-B1B8D2839AB5}.Debug|iPhone.Build.0 = Debug|Any CPU
		{371B9ED0-3D9B-4E9F-90C9-B1B8D2839AB5}.Debug|iPhoneSimulator.ActiveCfg = Debug|Any CPU
		{371B9ED0-3D9B-4E9F-90C9-B1B8D2839AB5}.Debug|iPhoneSimulator.Build.0 = Debug|Any CPU
		{371B9ED0-3D9B-4E9F-90C9-B1B8D2839AB5}.Debug|x64.ActiveCfg = Debug|Any CPU
		{371B9ED0-3D9B-4E9F-90C9-B1B8D2839AB5}.Debug|x64.Build.0 = Debug|Any CPU
		{371B9ED0-3D9B-4E9F-90C9-B1B8D2839AB5}.Debug|x86.ActiveCfg = Debug|Any CPU
		{371B9ED0-3D9B-4E9F-90C9-B1B8D2839AB5}.Debug|x86.Build.0 = Debug|Any CPU
		{371B9ED0-3D9B-4E9F-90C9-B1B8D2839AB5}.Release|Any CPU.ActiveCfg = Release|Any CPU
		{371B9ED0-3D9B-4E9F-90C9-B1B8D2839AB5}.Release|Any CPU.Build.0 = Release|Any CPU
		{371B9ED0-3D9B-4E9F-90C9-B1B8D2839AB5}.Release|ARM.ActiveCfg = Release|Any CPU
		{371B9ED0-3D9B-4E9F-90C9-B1B8D2839AB5}.Release|ARM.Build.0 = Release|Any CPU
		{371B9ED0-3D9B-4E9F-90C9-B1B8D2839AB5}.Release|iPhone.ActiveCfg = Release|Any CPU
		{371B9ED0-3D9B-4E9F-90C9-B1B8D2839AB5}.Release|iPhone.Build.0 = Release|Any CPU
		{371B9ED0-3D9B-4E9F-90C9-B1B8D2839AB5}.Release|iPhoneSimulator.ActiveCfg = Release|Any CPU
		{371B9ED0-3D9B-4E9F-90C9-B1B8D2839AB5}.Release|iPhoneSimulator.Build.0 = Release|Any CPU
		{371B9ED0-3D9B-4E9F-90C9-B1B8D2839AB5}.Release|x64.ActiveCfg = Release|Any CPU
		{371B9ED0-3D9B-4E9F-90C9-B1B8D2839AB5}.Release|x64.Build.0 = Release|Any CPU
		{371B9ED0-3D9B-4E9F-90C9-B1B8D2839AB5}.Release|x86.ActiveCfg = Release|Any CPU
		{371B9ED0-3D9B-4E9F-90C9-B1B8D2839AB5}.Release|x86.Build.0 = Release|Any CPU
		{A2C8F999-5B9A-4324-A98B-5FF3912C7AAC}.Ad-Hoc|Any CPU.ActiveCfg = Release|Any CPU
		{A2C8F999-5B9A-4324-A98B-5FF3912C7AAC}.Ad-Hoc|Any CPU.Build.0 = Release|Any CPU
		{A2C8F999-5B9A-4324-A98B-5FF3912C7AAC}.Ad-Hoc|Any CPU.Deploy.0 = Release|Any CPU
		{A2C8F999-5B9A-4324-A98B-5FF3912C7AAC}.Ad-Hoc|ARM.ActiveCfg = Release|Any CPU
		{A2C8F999-5B9A-4324-A98B-5FF3912C7AAC}.Ad-Hoc|ARM.Build.0 = Release|Any CPU
		{A2C8F999-5B9A-4324-A98B-5FF3912C7AAC}.Ad-Hoc|ARM.Deploy.0 = Release|Any CPU
		{A2C8F999-5B9A-4324-A98B-5FF3912C7AAC}.Ad-Hoc|iPhone.ActiveCfg = Release|Any CPU
		{A2C8F999-5B9A-4324-A98B-5FF3912C7AAC}.Ad-Hoc|iPhone.Build.0 = Release|Any CPU
		{A2C8F999-5B9A-4324-A98B-5FF3912C7AAC}.Ad-Hoc|iPhone.Deploy.0 = Release|Any CPU
		{A2C8F999-5B9A-4324-A98B-5FF3912C7AAC}.Ad-Hoc|iPhoneSimulator.ActiveCfg = Release|Any CPU
		{A2C8F999-5B9A-4324-A98B-5FF3912C7AAC}.Ad-Hoc|iPhoneSimulator.Build.0 = Release|Any CPU
		{A2C8F999-5B9A-4324-A98B-5FF3912C7AAC}.Ad-Hoc|iPhoneSimulator.Deploy.0 = Release|Any CPU
		{A2C8F999-5B9A-4324-A98B-5FF3912C7AAC}.Ad-Hoc|x64.ActiveCfg = Release|Any CPU
		{A2C8F999-5B9A-4324-A98B-5FF3912C7AAC}.Ad-Hoc|x64.Build.0 = Release|Any CPU
		{A2C8F999-5B9A-4324-A98B-5FF3912C7AAC}.Ad-Hoc|x64.Deploy.0 = Release|Any CPU
		{A2C8F999-5B9A-4324-A98B-5FF3912C7AAC}.Ad-Hoc|x86.ActiveCfg = Release|Any CPU
		{A2C8F999-5B9A-4324-A98B-5FF3912C7AAC}.Ad-Hoc|x86.Build.0 = Release|Any CPU
		{A2C8F999-5B9A-4324-A98B-5FF3912C7AAC}.Ad-Hoc|x86.Deploy.0 = Release|Any CPU
		{A2C8F999-5B9A-4324-A98B-5FF3912C7AAC}.AppStore|Any CPU.ActiveCfg = Release|Any CPU
		{A2C8F999-5B9A-4324-A98B-5FF3912C7AAC}.AppStore|Any CPU.Build.0 = Release|Any CPU
		{A2C8F999-5B9A-4324-A98B-5FF3912C7AAC}.AppStore|Any CPU.Deploy.0 = Release|Any CPU
		{A2C8F999-5B9A-4324-A98B-5FF3912C7AAC}.AppStore|ARM.ActiveCfg = Release|Any CPU
		{A2C8F999-5B9A-4324-A98B-5FF3912C7AAC}.AppStore|ARM.Build.0 = Release|Any CPU
		{A2C8F999-5B9A-4324-A98B-5FF3912C7AAC}.AppStore|ARM.Deploy.0 = Release|Any CPU
		{A2C8F999-5B9A-4324-A98B-5FF3912C7AAC}.AppStore|iPhone.ActiveCfg = Release|Any CPU
		{A2C8F999-5B9A-4324-A98B-5FF3912C7AAC}.AppStore|iPhone.Build.0 = Release|Any CPU
		{A2C8F999-5B9A-4324-A98B-5FF3912C7AAC}.AppStore|iPhone.Deploy.0 = Release|Any CPU
		{A2C8F999-5B9A-4324-A98B-5FF3912C7AAC}.AppStore|iPhoneSimulator.ActiveCfg = Release|Any CPU
		{A2C8F999-5B9A-4324-A98B-5FF3912C7AAC}.AppStore|iPhoneSimulator.Build.0 = Release|Any CPU
		{A2C8F999-5B9A-4324-A98B-5FF3912C7AAC}.AppStore|iPhoneSimulator.Deploy.0 = Release|Any CPU
		{A2C8F999-5B9A-4324-A98B-5FF3912C7AAC}.AppStore|x64.ActiveCfg = Release|Any CPU
		{A2C8F999-5B9A-4324-A98B-5FF3912C7AAC}.AppStore|x64.Build.0 = Release|Any CPU
		{A2C8F999-5B9A-4324-A98B-5FF3912C7AAC}.AppStore|x64.Deploy.0 = Release|Any CPU
		{A2C8F999-5B9A-4324-A98B-5FF3912C7AAC}.AppStore|x86.ActiveCfg = Release|Any CPU
		{A2C8F999-5B9A-4324-A98B-5FF3912C7AAC}.AppStore|x86.Build.0 = Release|Any CPU
		{A2C8F999-5B9A-4324-A98B-5FF3912C7AAC}.AppStore|x86.Deploy.0 = Release|Any CPU
		{A2C8F999-5B9A-4324-A98B-5FF3912C7AAC}.Debug|Any CPU.ActiveCfg = Debug|Any CPU
		{A2C8F999-5B9A-4324-A98B-5FF3912C7AAC}.Debug|Any CPU.Build.0 = Debug|Any CPU
		{A2C8F999-5B9A-4324-A98B-5FF3912C7AAC}.Debug|Any CPU.Deploy.0 = Debug|Any CPU
		{A2C8F999-5B9A-4324-A98B-5FF3912C7AAC}.Debug|ARM.ActiveCfg = Debug|Any CPU
		{A2C8F999-5B9A-4324-A98B-5FF3912C7AAC}.Debug|ARM.Build.0 = Debug|Any CPU
		{A2C8F999-5B9A-4324-A98B-5FF3912C7AAC}.Debug|ARM.Deploy.0 = Debug|Any CPU
		{A2C8F999-5B9A-4324-A98B-5FF3912C7AAC}.Debug|iPhone.ActiveCfg = Debug|Any CPU
		{A2C8F999-5B9A-4324-A98B-5FF3912C7AAC}.Debug|iPhone.Build.0 = Debug|Any CPU
		{A2C8F999-5B9A-4324-A98B-5FF3912C7AAC}.Debug|iPhone.Deploy.0 = Debug|Any CPU
		{A2C8F999-5B9A-4324-A98B-5FF3912C7AAC}.Debug|iPhoneSimulator.ActiveCfg = Debug|Any CPU
		{A2C8F999-5B9A-4324-A98B-5FF3912C7AAC}.Debug|iPhoneSimulator.Build.0 = Debug|Any CPU
		{A2C8F999-5B9A-4324-A98B-5FF3912C7AAC}.Debug|iPhoneSimulator.Deploy.0 = Debug|Any CPU
		{A2C8F999-5B9A-4324-A98B-5FF3912C7AAC}.Debug|x64.ActiveCfg = Debug|Any CPU
		{A2C8F999-5B9A-4324-A98B-5FF3912C7AAC}.Debug|x64.Build.0 = Debug|Any CPU
		{A2C8F999-5B9A-4324-A98B-5FF3912C7AAC}.Debug|x64.Deploy.0 = Debug|Any CPU
		{A2C8F999-5B9A-4324-A98B-5FF3912C7AAC}.Debug|x86.ActiveCfg = Debug|Any CPU
		{A2C8F999-5B9A-4324-A98B-5FF3912C7AAC}.Debug|x86.Build.0 = Debug|Any CPU
		{A2C8F999-5B9A-4324-A98B-5FF3912C7AAC}.Debug|x86.Deploy.0 = Debug|Any CPU
		{A2C8F999-5B9A-4324-A98B-5FF3912C7AAC}.Release|Any CPU.ActiveCfg = Release|Any CPU
		{A2C8F999-5B9A-4324-A98B-5FF3912C7AAC}.Release|Any CPU.Build.0 = Release|Any CPU
		{A2C8F999-5B9A-4324-A98B-5FF3912C7AAC}.Release|Any CPU.Deploy.0 = Release|Any CPU
		{A2C8F999-5B9A-4324-A98B-5FF3912C7AAC}.Release|ARM.ActiveCfg = Release|Any CPU
		{A2C8F999-5B9A-4324-A98B-5FF3912C7AAC}.Release|ARM.Build.0 = Release|Any CPU
		{A2C8F999-5B9A-4324-A98B-5FF3912C7AAC}.Release|ARM.Deploy.0 = Release|Any CPU
		{A2C8F999-5B9A-4324-A98B-5FF3912C7AAC}.Release|iPhone.ActiveCfg = Release|Any CPU
		{A2C8F999-5B9A-4324-A98B-5FF3912C7AAC}.Release|iPhone.Build.0 = Release|Any CPU
		{A2C8F999-5B9A-4324-A98B-5FF3912C7AAC}.Release|iPhone.Deploy.0 = Release|Any CPU
		{A2C8F999-5B9A-4324-A98B-5FF3912C7AAC}.Release|iPhoneSimulator.ActiveCfg = Release|Any CPU
		{A2C8F999-5B9A-4324-A98B-5FF3912C7AAC}.Release|iPhoneSimulator.Build.0 = Release|Any CPU
		{A2C8F999-5B9A-4324-A98B-5FF3912C7AAC}.Release|iPhoneSimulator.Deploy.0 = Release|Any CPU
		{A2C8F999-5B9A-4324-A98B-5FF3912C7AAC}.Release|x64.ActiveCfg = Release|Any CPU
		{A2C8F999-5B9A-4324-A98B-5FF3912C7AAC}.Release|x64.Build.0 = Release|Any CPU
		{A2C8F999-5B9A-4324-A98B-5FF3912C7AAC}.Release|x64.Deploy.0 = Release|Any CPU
		{A2C8F999-5B9A-4324-A98B-5FF3912C7AAC}.Release|x86.ActiveCfg = Release|Any CPU
		{A2C8F999-5B9A-4324-A98B-5FF3912C7AAC}.Release|x86.Build.0 = Release|Any CPU
		{A2C8F999-5B9A-4324-A98B-5FF3912C7AAC}.Release|x86.Deploy.0 = Release|Any CPU
		{F49EF8AC-161E-4FB8-A07A-187CF9F315F6}.Ad-Hoc|Any CPU.ActiveCfg = Ad-Hoc|iPhone
		{F49EF8AC-161E-4FB8-A07A-187CF9F315F6}.Ad-Hoc|ARM.ActiveCfg = Ad-Hoc|iPhone
		{F49EF8AC-161E-4FB8-A07A-187CF9F315F6}.Ad-Hoc|iPhone.ActiveCfg = Ad-Hoc|iPhone
		{F49EF8AC-161E-4FB8-A07A-187CF9F315F6}.Ad-Hoc|iPhone.Build.0 = Ad-Hoc|iPhone
		{F49EF8AC-161E-4FB8-A07A-187CF9F315F6}.Ad-Hoc|iPhoneSimulator.ActiveCfg = Ad-Hoc|iPhoneSimulator
		{F49EF8AC-161E-4FB8-A07A-187CF9F315F6}.Ad-Hoc|iPhoneSimulator.Build.0 = Ad-Hoc|iPhoneSimulator
		{F49EF8AC-161E-4FB8-A07A-187CF9F315F6}.Ad-Hoc|x64.ActiveCfg = Ad-Hoc|iPhone
		{F49EF8AC-161E-4FB8-A07A-187CF9F315F6}.Ad-Hoc|x86.ActiveCfg = Ad-Hoc|iPhone
		{F49EF8AC-161E-4FB8-A07A-187CF9F315F6}.AppStore|Any CPU.ActiveCfg = AppStore|iPhone
		{F49EF8AC-161E-4FB8-A07A-187CF9F315F6}.AppStore|ARM.ActiveCfg = AppStore|iPhone
		{F49EF8AC-161E-4FB8-A07A-187CF9F315F6}.AppStore|iPhone.ActiveCfg = AppStore|iPhone
		{F49EF8AC-161E-4FB8-A07A-187CF9F315F6}.AppStore|iPhone.Build.0 = AppStore|iPhone
		{F49EF8AC-161E-4FB8-A07A-187CF9F315F6}.AppStore|iPhoneSimulator.ActiveCfg = AppStore|iPhoneSimulator
		{F49EF8AC-161E-4FB8-A07A-187CF9F315F6}.AppStore|iPhoneSimulator.Build.0 = AppStore|iPhoneSimulator
		{F49EF8AC-161E-4FB8-A07A-187CF9F315F6}.AppStore|x64.ActiveCfg = AppStore|iPhone
		{F49EF8AC-161E-4FB8-A07A-187CF9F315F6}.AppStore|x86.ActiveCfg = AppStore|iPhone
		{F49EF8AC-161E-4FB8-A07A-187CF9F315F6}.Debug|Any CPU.ActiveCfg = Debug|iPhone
		{F49EF8AC-161E-4FB8-A07A-187CF9F315F6}.Debug|ARM.ActiveCfg = Debug|iPhone
		{F49EF8AC-161E-4FB8-A07A-187CF9F315F6}.Debug|iPhone.ActiveCfg = Debug|iPhone
		{F49EF8AC-161E-4FB8-A07A-187CF9F315F6}.Debug|iPhone.Build.0 = Debug|iPhone
		{F49EF8AC-161E-4FB8-A07A-187CF9F315F6}.Debug|iPhoneSimulator.ActiveCfg = Debug|iPhoneSimulator
		{F49EF8AC-161E-4FB8-A07A-187CF9F315F6}.Debug|iPhoneSimulator.Build.0 = Debug|iPhoneSimulator
		{F49EF8AC-161E-4FB8-A07A-187CF9F315F6}.Debug|x64.ActiveCfg = Debug|iPhone
		{F49EF8AC-161E-4FB8-A07A-187CF9F315F6}.Debug|x86.ActiveCfg = Debug|iPhone
		{F49EF8AC-161E-4FB8-A07A-187CF9F315F6}.Release|Any CPU.ActiveCfg = Release|iPhone
		{F49EF8AC-161E-4FB8-A07A-187CF9F315F6}.Release|ARM.ActiveCfg = Release|iPhone
		{F49EF8AC-161E-4FB8-A07A-187CF9F315F6}.Release|iPhone.ActiveCfg = Release|iPhone
		{F49EF8AC-161E-4FB8-A07A-187CF9F315F6}.Release|iPhone.Build.0 = Release|iPhone
		{F49EF8AC-161E-4FB8-A07A-187CF9F315F6}.Release|iPhoneSimulator.ActiveCfg = Release|iPhoneSimulator
		{F49EF8AC-161E-4FB8-A07A-187CF9F315F6}.Release|iPhoneSimulator.Build.0 = Release|iPhoneSimulator
		{F49EF8AC-161E-4FB8-A07A-187CF9F315F6}.Release|x64.ActiveCfg = Release|iPhone
		{F49EF8AC-161E-4FB8-A07A-187CF9F315F6}.Release|x86.ActiveCfg = Release|iPhone
		{B5F3BDBF-0E30-431D-A9EF-82810632E802}.Ad-Hoc|Any CPU.ActiveCfg = Release|Any CPU
		{B5F3BDBF-0E30-431D-A9EF-82810632E802}.Ad-Hoc|Any CPU.Build.0 = Release|Any CPU
		{B5F3BDBF-0E30-431D-A9EF-82810632E802}.Ad-Hoc|Any CPU.Deploy.0 = Release|Any CPU
		{B5F3BDBF-0E30-431D-A9EF-82810632E802}.Ad-Hoc|ARM.ActiveCfg = Release|ARM
		{B5F3BDBF-0E30-431D-A9EF-82810632E802}.Ad-Hoc|ARM.Build.0 = Release|ARM
		{B5F3BDBF-0E30-431D-A9EF-82810632E802}.Ad-Hoc|ARM.Deploy.0 = Release|ARM
		{B5F3BDBF-0E30-431D-A9EF-82810632E802}.Ad-Hoc|iPhone.ActiveCfg = Release|Any CPU
		{B5F3BDBF-0E30-431D-A9EF-82810632E802}.Ad-Hoc|iPhone.Build.0 = Release|Any CPU
		{B5F3BDBF-0E30-431D-A9EF-82810632E802}.Ad-Hoc|iPhone.Deploy.0 = Release|Any CPU
		{B5F3BDBF-0E30-431D-A9EF-82810632E802}.Ad-Hoc|iPhoneSimulator.ActiveCfg = Release|Any CPU
		{B5F3BDBF-0E30-431D-A9EF-82810632E802}.Ad-Hoc|iPhoneSimulator.Build.0 = Release|Any CPU
		{B5F3BDBF-0E30-431D-A9EF-82810632E802}.Ad-Hoc|iPhoneSimulator.Deploy.0 = Release|Any CPU
		{B5F3BDBF-0E30-431D-A9EF-82810632E802}.Ad-Hoc|x64.ActiveCfg = Release|Any CPU
		{B5F3BDBF-0E30-431D-A9EF-82810632E802}.Ad-Hoc|x64.Build.0 = Release|Any CPU
		{B5F3BDBF-0E30-431D-A9EF-82810632E802}.Ad-Hoc|x64.Deploy.0 = Release|Any CPU
		{B5F3BDBF-0E30-431D-A9EF-82810632E802}.Ad-Hoc|x86.ActiveCfg = Release|x86
		{B5F3BDBF-0E30-431D-A9EF-82810632E802}.Ad-Hoc|x86.Build.0 = Release|x86
		{B5F3BDBF-0E30-431D-A9EF-82810632E802}.Ad-Hoc|x86.Deploy.0 = Release|x86
		{B5F3BDBF-0E30-431D-A9EF-82810632E802}.AppStore|Any CPU.ActiveCfg = Release|Any CPU
		{B5F3BDBF-0E30-431D-A9EF-82810632E802}.AppStore|Any CPU.Build.0 = Release|Any CPU
		{B5F3BDBF-0E30-431D-A9EF-82810632E802}.AppStore|Any CPU.Deploy.0 = Release|Any CPU
		{B5F3BDBF-0E30-431D-A9EF-82810632E802}.AppStore|ARM.ActiveCfg = Release|ARM
		{B5F3BDBF-0E30-431D-A9EF-82810632E802}.AppStore|ARM.Build.0 = Release|ARM
		{B5F3BDBF-0E30-431D-A9EF-82810632E802}.AppStore|ARM.Deploy.0 = Release|ARM
		{B5F3BDBF-0E30-431D-A9EF-82810632E802}.AppStore|iPhone.ActiveCfg = Release|Any CPU
		{B5F3BDBF-0E30-431D-A9EF-82810632E802}.AppStore|iPhone.Build.0 = Release|Any CPU
		{B5F3BDBF-0E30-431D-A9EF-82810632E802}.AppStore|iPhone.Deploy.0 = Release|Any CPU
		{B5F3BDBF-0E30-431D-A9EF-82810632E802}.AppStore|iPhoneSimulator.ActiveCfg = Release|Any CPU
		{B5F3BDBF-0E30-431D-A9EF-82810632E802}.AppStore|iPhoneSimulator.Build.0 = Release|Any CPU
		{B5F3BDBF-0E30-431D-A9EF-82810632E802}.AppStore|iPhoneSimulator.Deploy.0 = Release|Any CPU
		{B5F3BDBF-0E30-431D-A9EF-82810632E802}.AppStore|x64.ActiveCfg = Release|Any CPU
		{B5F3BDBF-0E30-431D-A9EF-82810632E802}.AppStore|x64.Build.0 = Release|Any CPU
		{B5F3BDBF-0E30-431D-A9EF-82810632E802}.AppStore|x64.Deploy.0 = Release|Any CPU
		{B5F3BDBF-0E30-431D-A9EF-82810632E802}.AppStore|x86.ActiveCfg = Release|x86
		{B5F3BDBF-0E30-431D-A9EF-82810632E802}.AppStore|x86.Build.0 = Release|x86
		{B5F3BDBF-0E30-431D-A9EF-82810632E802}.AppStore|x86.Deploy.0 = Release|x86
		{B5F3BDBF-0E30-431D-A9EF-82810632E802}.Debug|Any CPU.ActiveCfg = Debug|Any CPU
		{B5F3BDBF-0E30-431D-A9EF-82810632E802}.Debug|Any CPU.Build.0 = Debug|Any CPU
		{B5F3BDBF-0E30-431D-A9EF-82810632E802}.Debug|Any CPU.Deploy.0 = Debug|Any CPU
		{B5F3BDBF-0E30-431D-A9EF-82810632E802}.Debug|ARM.ActiveCfg = Debug|ARM
		{B5F3BDBF-0E30-431D-A9EF-82810632E802}.Debug|ARM.Build.0 = Debug|ARM
		{B5F3BDBF-0E30-431D-A9EF-82810632E802}.Debug|ARM.Deploy.0 = Debug|ARM
		{B5F3BDBF-0E30-431D-A9EF-82810632E802}.Debug|iPhone.ActiveCfg = Debug|Any CPU
		{B5F3BDBF-0E30-431D-A9EF-82810632E802}.Debug|iPhone.Build.0 = Debug|Any CPU
		{B5F3BDBF-0E30-431D-A9EF-82810632E802}.Debug|iPhone.Deploy.0 = Debug|Any CPU
		{B5F3BDBF-0E30-431D-A9EF-82810632E802}.Debug|iPhoneSimulator.ActiveCfg = Debug|Any CPU
		{B5F3BDBF-0E30-431D-A9EF-82810632E802}.Debug|iPhoneSimulator.Build.0 = Debug|Any CPU
		{B5F3BDBF-0E30-431D-A9EF-82810632E802}.Debug|iPhoneSimulator.Deploy.0 = Debug|Any CPU
		{B5F3BDBF-0E30-431D-A9EF-82810632E802}.Debug|x64.ActiveCfg = Debug|Any CPU
		{B5F3BDBF-0E30-431D-A9EF-82810632E802}.Debug|x64.Build.0 = Debug|Any CPU
		{B5F3BDBF-0E30-431D-A9EF-82810632E802}.Debug|x64.Deploy.0 = Debug|Any CPU
		{B5F3BDBF-0E30-431D-A9EF-82810632E802}.Debug|x86.ActiveCfg = Debug|x86
		{B5F3BDBF-0E30-431D-A9EF-82810632E802}.Debug|x86.Build.0 = Debug|x86
		{B5F3BDBF-0E30-431D-A9EF-82810632E802}.Debug|x86.Deploy.0 = Debug|x86
		{B5F3BDBF-0E30-431D-A9EF-82810632E802}.Release|Any CPU.ActiveCfg = Release|Any CPU
		{B5F3BDBF-0E30-431D-A9EF-82810632E802}.Release|Any CPU.Build.0 = Release|Any CPU
		{B5F3BDBF-0E30-431D-A9EF-82810632E802}.Release|Any CPU.Deploy.0 = Release|Any CPU
		{B5F3BDBF-0E30-431D-A9EF-82810632E802}.Release|ARM.ActiveCfg = Release|ARM
		{B5F3BDBF-0E30-431D-A9EF-82810632E802}.Release|ARM.Build.0 = Release|ARM
		{B5F3BDBF-0E30-431D-A9EF-82810632E802}.Release|ARM.Deploy.0 = Release|ARM
		{B5F3BDBF-0E30-431D-A9EF-82810632E802}.Release|iPhone.ActiveCfg = Release|Any CPU
		{B5F3BDBF-0E30-431D-A9EF-82810632E802}.Release|iPhone.Build.0 = Release|Any CPU
		{B5F3BDBF-0E30-431D-A9EF-82810632E802}.Release|iPhone.Deploy.0 = Release|Any CPU
		{B5F3BDBF-0E30-431D-A9EF-82810632E802}.Release|iPhoneSimulator.ActiveCfg = Release|Any CPU
		{B5F3BDBF-0E30-431D-A9EF-82810632E802}.Release|iPhoneSimulator.Build.0 = Release|Any CPU
		{B5F3BDBF-0E30-431D-A9EF-82810632E802}.Release|iPhoneSimulator.Deploy.0 = Release|Any CPU
		{B5F3BDBF-0E30-431D-A9EF-82810632E802}.Release|x64.ActiveCfg = Release|Any CPU
		{B5F3BDBF-0E30-431D-A9EF-82810632E802}.Release|x64.Build.0 = Release|Any CPU
		{B5F3BDBF-0E30-431D-A9EF-82810632E802}.Release|x64.Deploy.0 = Release|Any CPU
		{B5F3BDBF-0E30-431D-A9EF-82810632E802}.Release|x86.ActiveCfg = Release|x86
		{B5F3BDBF-0E30-431D-A9EF-82810632E802}.Release|x86.Build.0 = Release|x86
		{B5F3BDBF-0E30-431D-A9EF-82810632E802}.Release|x86.Deploy.0 = Release|x86
		{7C1550DF-4652-4998-B1FC-53FB92477AAB}.Ad-Hoc|Any CPU.ActiveCfg = Release|Any CPU
		{7C1550DF-4652-4998-B1FC-53FB92477AAB}.Ad-Hoc|Any CPU.Build.0 = Release|Any CPU
		{7C1550DF-4652-4998-B1FC-53FB92477AAB}.Ad-Hoc|Any CPU.Deploy.0 = Release|Any CPU
		{7C1550DF-4652-4998-B1FC-53FB92477AAB}.Ad-Hoc|ARM.ActiveCfg = Release|ARM
		{7C1550DF-4652-4998-B1FC-53FB92477AAB}.Ad-Hoc|ARM.Build.0 = Release|ARM
		{7C1550DF-4652-4998-B1FC-53FB92477AAB}.Ad-Hoc|ARM.Deploy.0 = Release|ARM
		{7C1550DF-4652-4998-B1FC-53FB92477AAB}.Ad-Hoc|iPhone.ActiveCfg = Release|Any CPU
		{7C1550DF-4652-4998-B1FC-53FB92477AAB}.Ad-Hoc|iPhone.Build.0 = Release|Any CPU
		{7C1550DF-4652-4998-B1FC-53FB92477AAB}.Ad-Hoc|iPhone.Deploy.0 = Release|Any CPU
		{7C1550DF-4652-4998-B1FC-53FB92477AAB}.Ad-Hoc|iPhoneSimulator.ActiveCfg = Release|Any CPU
		{7C1550DF-4652-4998-B1FC-53FB92477AAB}.Ad-Hoc|iPhoneSimulator.Build.0 = Release|Any CPU
		{7C1550DF-4652-4998-B1FC-53FB92477AAB}.Ad-Hoc|iPhoneSimulator.Deploy.0 = Release|Any CPU
		{7C1550DF-4652-4998-B1FC-53FB92477AAB}.Ad-Hoc|x64.ActiveCfg = Release|x64
		{7C1550DF-4652-4998-B1FC-53FB92477AAB}.Ad-Hoc|x64.Build.0 = Release|x64
		{7C1550DF-4652-4998-B1FC-53FB92477AAB}.Ad-Hoc|x64.Deploy.0 = Release|x64
		{7C1550DF-4652-4998-B1FC-53FB92477AAB}.Ad-Hoc|x86.ActiveCfg = Release|x86
		{7C1550DF-4652-4998-B1FC-53FB92477AAB}.Ad-Hoc|x86.Build.0 = Release|x86
		{7C1550DF-4652-4998-B1FC-53FB92477AAB}.Ad-Hoc|x86.Deploy.0 = Release|x86
		{7C1550DF-4652-4998-B1FC-53FB92477AAB}.AppStore|Any CPU.ActiveCfg = Release|Any CPU
		{7C1550DF-4652-4998-B1FC-53FB92477AAB}.AppStore|Any CPU.Build.0 = Release|Any CPU
		{7C1550DF-4652-4998-B1FC-53FB92477AAB}.AppStore|Any CPU.Deploy.0 = Release|Any CPU
		{7C1550DF-4652-4998-B1FC-53FB92477AAB}.AppStore|ARM.ActiveCfg = Release|ARM
		{7C1550DF-4652-4998-B1FC-53FB92477AAB}.AppStore|ARM.Build.0 = Release|ARM
		{7C1550DF-4652-4998-B1FC-53FB92477AAB}.AppStore|ARM.Deploy.0 = Release|ARM
		{7C1550DF-4652-4998-B1FC-53FB92477AAB}.AppStore|iPhone.ActiveCfg = Release|Any CPU
		{7C1550DF-4652-4998-B1FC-53FB92477AAB}.AppStore|iPhone.Build.0 = Release|Any CPU
		{7C1550DF-4652-4998-B1FC-53FB92477AAB}.AppStore|iPhone.Deploy.0 = Release|Any CPU
		{7C1550DF-4652-4998-B1FC-53FB92477AAB}.AppStore|iPhoneSimulator.ActiveCfg = Release|Any CPU
		{7C1550DF-4652-4998-B1FC-53FB92477AAB}.AppStore|iPhoneSimulator.Build.0 = Release|Any CPU
		{7C1550DF-4652-4998-B1FC-53FB92477AAB}.AppStore|iPhoneSimulator.Deploy.0 = Release|Any CPU
		{7C1550DF-4652-4998-B1FC-53FB92477AAB}.AppStore|x64.ActiveCfg = Release|x64
		{7C1550DF-4652-4998-B1FC-53FB92477AAB}.AppStore|x64.Build.0 = Release|x64
		{7C1550DF-4652-4998-B1FC-53FB92477AAB}.AppStore|x64.Deploy.0 = Release|x64
		{7C1550DF-4652-4998-B1FC-53FB92477AAB}.AppStore|x86.ActiveCfg = Release|x86
		{7C1550DF-4652-4998-B1FC-53FB92477AAB}.AppStore|x86.Build.0 = Release|x86
		{7C1550DF-4652-4998-B1FC-53FB92477AAB}.AppStore|x86.Deploy.0 = Release|x86
		{7C1550DF-4652-4998-B1FC-53FB92477AAB}.Debug|Any CPU.ActiveCfg = Debug|Any CPU
		{7C1550DF-4652-4998-B1FC-53FB92477AAB}.Debug|Any CPU.Build.0 = Debug|Any CPU
		{7C1550DF-4652-4998-B1FC-53FB92477AAB}.Debug|Any CPU.Deploy.0 = Debug|Any CPU
		{7C1550DF-4652-4998-B1FC-53FB92477AAB}.Debug|ARM.ActiveCfg = Debug|ARM
		{7C1550DF-4652-4998-B1FC-53FB92477AAB}.Debug|ARM.Build.0 = Debug|ARM
		{7C1550DF-4652-4998-B1FC-53FB92477AAB}.Debug|ARM.Deploy.0 = Debug|ARM
		{7C1550DF-4652-4998-B1FC-53FB92477AAB}.Debug|iPhone.ActiveCfg = Debug|Any CPU
		{7C1550DF-4652-4998-B1FC-53FB92477AAB}.Debug|iPhone.Build.0 = Debug|Any CPU
		{7C1550DF-4652-4998-B1FC-53FB92477AAB}.Debug|iPhone.Deploy.0 = Debug|Any CPU
		{7C1550DF-4652-4998-B1FC-53FB92477AAB}.Debug|iPhoneSimulator.ActiveCfg = Debug|Any CPU
		{7C1550DF-4652-4998-B1FC-53FB92477AAB}.Debug|iPhoneSimulator.Build.0 = Debug|Any CPU
		{7C1550DF-4652-4998-B1FC-53FB92477AAB}.Debug|iPhoneSimulator.Deploy.0 = Debug|Any CPU
		{7C1550DF-4652-4998-B1FC-53FB92477AAB}.Debug|x64.ActiveCfg = Debug|x64
		{7C1550DF-4652-4998-B1FC-53FB92477AAB}.Debug|x64.Build.0 = Debug|x64
		{7C1550DF-4652-4998-B1FC-53FB92477AAB}.Debug|x64.Deploy.0 = Debug|x64
		{7C1550DF-4652-4998-B1FC-53FB92477AAB}.Debug|x86.ActiveCfg = Debug|x86
		{7C1550DF-4652-4998-B1FC-53FB92477AAB}.Debug|x86.Build.0 = Debug|x86
		{7C1550DF-4652-4998-B1FC-53FB92477AAB}.Debug|x86.Deploy.0 = Debug|x86
		{7C1550DF-4652-4998-B1FC-53FB92477AAB}.Release|Any CPU.ActiveCfg = Release|Any CPU
		{7C1550DF-4652-4998-B1FC-53FB92477AAB}.Release|Any CPU.Build.0 = Release|Any CPU
		{7C1550DF-4652-4998-B1FC-53FB92477AAB}.Release|Any CPU.Deploy.0 = Release|Any CPU
		{7C1550DF-4652-4998-B1FC-53FB92477AAB}.Release|ARM.ActiveCfg = Release|ARM
		{7C1550DF-4652-4998-B1FC-53FB92477AAB}.Release|ARM.Build.0 = Release|ARM
		{7C1550DF-4652-4998-B1FC-53FB92477AAB}.Release|ARM.Deploy.0 = Release|ARM
		{7C1550DF-4652-4998-B1FC-53FB92477AAB}.Release|iPhone.ActiveCfg = Release|Any CPU
		{7C1550DF-4652-4998-B1FC-53FB92477AAB}.Release|iPhone.Build.0 = Release|Any CPU
		{7C1550DF-4652-4998-B1FC-53FB92477AAB}.Release|iPhone.Deploy.0 = Release|Any CPU
		{7C1550DF-4652-4998-B1FC-53FB92477AAB}.Release|iPhoneSimulator.ActiveCfg = Release|Any CPU
		{7C1550DF-4652-4998-B1FC-53FB92477AAB}.Release|iPhoneSimulator.Build.0 = Release|Any CPU
		{7C1550DF-4652-4998-B1FC-53FB92477AAB}.Release|iPhoneSimulator.Deploy.0 = Release|Any CPU
		{7C1550DF-4652-4998-B1FC-53FB92477AAB}.Release|x64.ActiveCfg = Release|x64
		{7C1550DF-4652-4998-B1FC-53FB92477AAB}.Release|x64.Build.0 = Release|x64
		{7C1550DF-4652-4998-B1FC-53FB92477AAB}.Release|x64.Deploy.0 = Release|x64
		{7C1550DF-4652-4998-B1FC-53FB92477AAB}.Release|x86.ActiveCfg = Release|x86
		{7C1550DF-4652-4998-B1FC-53FB92477AAB}.Release|x86.Build.0 = Release|x86
		{7C1550DF-4652-4998-B1FC-53FB92477AAB}.Release|x86.Deploy.0 = Release|x86
	EndGlobalSection
	GlobalSection(SolutionProperties) = preSolution
		HideSolutionNode = FALSE
	EndGlobalSection
EndGlobal
